
Microsoft Visual Studio Solution File, Format Version 12.00
# Visual Studio 15
VisualStudioVersion = 15.0.27130.2026
MinimumVisualStudioVersion = 10.0.40219.1
Project("{888888A0-9F3D-457C-B088-3A5042F75D52}") = "PyPlot", "PyPlot\PyPlot.pyproj", "{96E3BD41-6E99-4616-AD01-FD50F2AFBC53}"
EndProject
Project("{888888A0-9F3D-457C-B088-3A5042F75D52}") = "DataCamp", "DataCamp\DataCamp.pyproj", "{64B7EDD1-0E2C-4383-84E4-0D81FC5EEAE4}"
EndProject
Project("{888888A0-9F3D-457C-B088-3A5042F75D52}") = "Mathematics", "Mathematics\Mathematics.pyproj", "{C8318637-8DF5-4B86-9079-F59A32E4F363}"
EndProject
Project("{888888A0-9F3D-457C-B088-3A5042F75D52}") = "ProgrammingForComputations", "ProgrammingForComputations\ProgrammingForComputations.pyproj", "{A22CCDF3-6ED0-4DCC-A2DF-7A2ED48E600F}"
EndProject
Project("{888888A0-9F3D-457C-B088-3A5042F75D52}") = "DoingMathInPython", "DoingMathInPython\DoingMathInPython.pyproj", "{3EC651C0-1E9B-47BD-819F-1BBAD5907148}"
EndProject
Project("{888888A0-9F3D-457C-B088-3A5042F75D52}") = "ScientificProgrammingPrimer", "ScientificProgrammingPrimer\ScientificProgrammingPrimer.pyproj", "{99A53961-6BE8-4C6C-8832-F15C45CA6597}"
EndProject
Project("{888888A0-9F3D-457C-B088-3A5042F75D52}") = "Classes", "Classes\Classes.pyproj", "{836C2102-C770-49D8-800B-1873C2044D2D}"
EndProject
Global
	GlobalSection(SolutionConfigurationPlatforms) = preSolution
		Debug|Any CPU = Debug|Any CPU
		Release|Any CPU = Release|Any CPU
	EndGlobalSection
	GlobalSection(ProjectConfigurationPlatforms) = postSolution
		{96E3BD41-6E99-4616-AD01-FD50F2AFBC53}.Debug|Any CPU.ActiveCfg = Debug|Any CPU
		{96E3BD41-6E99-4616-AD01-FD50F2AFBC53}.Release|Any CPU.ActiveCfg = Release|Any CPU
		{64B7EDD1-0E2C-4383-84E4-0D81FC5EEAE4}.Debug|Any CPU.ActiveCfg = Debug|Any CPU
		{64B7EDD1-0E2C-4383-84E4-0D81FC5EEAE4}.Release|Any CPU.ActiveCfg = Release|Any CPU
		{C8318637-8DF5-4B86-9079-F59A32E4F363}.Debug|Any CPU.ActiveCfg = Debug|Any CPU
		{C8318637-8DF5-4B86-9079-F59A32E4F363}.Release|Any CPU.ActiveCfg = Release|Any CPU
		{A22CCDF3-6ED0-4DCC-A2DF-7A2ED48E600F}.Debug|Any CPU.ActiveCfg = Debug|Any CPU
		{A22CCDF3-6ED0-4DCC-A2DF-7A2ED48E600F}.Release|Any CPU.ActiveCfg = Release|Any CPU
		{3EC651C0-1E9B-47BD-819F-1BBAD5907148}.Debug|Any CPU.ActiveCfg = Debug|Any CPU
		{3EC651C0-1E9B-47BD-819F-1BBAD5907148}.Release|Any CPU.ActiveCfg = Release|Any CPU
		{99A53961-6BE8-4C6C-8832-F15C45CA6597}.Debug|Any CPU.ActiveCfg = Debug|Any CPU
		{99A53961-6BE8-4C6C-8832-F15C45CA6597}.Release|Any CPU.ActiveCfg = Release|Any CPU
		{836C2102-C770-49D8-800B-1873C2044D2D}.Debug|Any CPU.ActiveCfg = Debug|Any CPU
		{836C2102-C770-49D8-800B-1873C2044D2D}.Release|Any CPU.ActiveCfg = Release|Any CPU
	EndGlobalSection
	GlobalSection(SolutionProperties) = preSolution
		HideSolutionNode = FALSE
	EndGlobalSection
	GlobalSection(ExtensibilityGlobals) = postSolution
		SolutionGuid = {75B9070A-E42C-43E4-BF89-1DCD517F4B70}
	EndGlobalSection
EndGlobal
